
Microsoft Visual Studio Solution File, Format Version 12.00
Project("{FAE04EC0-301F-11D3-BF4B-00C04F79EFBC}") = "FruitShop", "FruitShop\FruitShop.csproj", "{EFEF224C-E95B-4160-90FF-C5A038971935}"
EndProject
Global
	GlobalSection(SolutionConfigurationPlatforms) = preSolution
		Debug|Any CPU = Debug|Any CPU
		Release|Any CPU = Release|Any CPU
	EndGlobalSection
	GlobalSection(ProjectConfigurationPlatforms) = postSolution
		{EFEF224C-E95B-4160-90FF-C5A038971935}.Debug|Any CPU.ActiveCfg = Debug|Any CPU
		{EFEF224C-E95B-4160-90FF-C5A038971935}.Debug|Any CPU.Build.0 = Debug|Any CPU
		{EFEF224C-E95B-4160-90FF-C5A038971935}.Release|Any CPU.ActiveCfg = Release|Any CPU
		{EFEF224C-E95B-4160-90FF-C5A038971935}.Release|Any CPU.Build.0 = Release|Any CPU
	EndGlobalSection
EndGlobal
